// !$*UTF8*$!
{
	archiveVersion = 1;
	classes = {
	};
	objectVersion = 56;
	objects = {

/* Begin PBXBuildFile section */
		F4738C342985F99600C6D868 /* Alert.swift in Sources */ = {isa = PBXBuildFile; fileRef = F4738C332985F99600C6D868 /* Alert.swift */; };
		F4738C3D298894D300C6D868 /* ResultVC.swift in Sources */ = {isa = PBXBuildFile; fileRef = F4738C3C298894D200C6D868 /* ResultVC.swift */; };
		F4738C402988952E00C6D868 /* ResultScreen.swift in Sources */ = {isa = PBXBuildFile; fileRef = F4738C3F2988952E00C6D868 /* ResultScreen.swift */; };
		F4738C432988AC2900C6D868 /* UIViewController+Extension.swift in Sources */ = {isa = PBXBuildFile; fileRef = F4738C422988AC2900C6D868 /* UIViewController+Extension.swift */; };
		F4C559C42981CDD9000DDBBB /* AppDelegate.swift in Sources */ = {isa = PBXBuildFile; fileRef = F4C559C32981CDD9000DDBBB /* AppDelegate.swift */; };
		F4C559C62981CDD9000DDBBB /* SceneDelegate.swift in Sources */ = {isa = PBXBuildFile; fileRef = F4C559C52981CDD9000DDBBB /* SceneDelegate.swift */; };
		F4C559C82981CDD9000DDBBB /* HomeVC.swift in Sources */ = {isa = PBXBuildFile; fileRef = F4C559C72981CDD9000DDBBB /* HomeVC.swift */; };
		F4C559CD2981CDDD000DDBBB /* Assets.xcassets in Resources */ = {isa = PBXBuildFile; fileRef = F4C559CC2981CDDD000DDBBB /* Assets.xcassets */; };
		F4C559D02981CDDD000DDBBB /* LaunchScreen.storyboard in Resources */ = {isa = PBXBuildFile; fileRef = F4C559CE2981CDDD000DDBBB /* LaunchScreen.storyboard */; };
		F4C559DA2981D3DA000DDBBB /* HomeScreen.swift in Sources */ = {isa = PBXBuildFile; fileRef = F4C559D92981D3DA000DDBBB /* HomeScreen.swift */; };
		F4C559DD29835FD3000DDBBB /* CalculatorVC.swift in Sources */ = {isa = PBXBuildFile; fileRef = F4C559DC29835FD3000DDBBB /* CalculatorVC.swift */; };
		F4C559E029836013000DDBBB /* CalculatorScreen.swift in Sources */ = {isa = PBXBuildFile; fileRef = F4C559DF29836012000DDBBB /* CalculatorScreen.swift */; };
/* End PBXBuildFile section */

/* Begin PBXFileReference section */
		F4738C332985F99600C6D868 /* Alert.swift */ = {isa = PBXFileReference; lastKnownFileType = sourcecode.swift; path = Alert.swift; sourceTree = "<group>"; };
		F4738C3C298894D200C6D868 /* ResultVC.swift */ = {isa = PBXFileReference; lastKnownFileType = sourcecode.swift; path = ResultVC.swift; sourceTree = "<group>"; };
		F4738C3F2988952E00C6D868 /* ResultScreen.swift */ = {isa = PBXFileReference; lastKnownFileType = sourcecode.swift; path = ResultScreen.swift; sourceTree = "<group>"; };
		F4738C422988AC2900C6D868 /* UIViewController+Extension.swift */ = {isa = PBXFileReference; lastKnownFileType = sourcecode.swift; path = "UIViewController+Extension.swift"; sourceTree = "<group>"; };
		F4C559C02981CDD9000DDBBB /* AppAlcoolOuGasolina.app */ = {isa = PBXFileReference; explicitFileType = wrapper.application; includeInIndex = 0; path = AppAlcoolOuGasolina.app; sourceTree = BUILT_PRODUCTS_DIR; };
		F4C559C32981CDD9000DDBBB /* AppDelegate.swift */ = {isa = PBXFileReference; lastKnownFileType = sourcecode.swift; path = AppDelegate.swift; sourceTree = "<group>"; };
		F4C559C52981CDD9000DDBBB /* SceneDelegate.swift */ = {isa = PBXFileReference; lastKnownFileType = sourcecode.swift; path = SceneDelegate.swift; sourceTree = "<group>"; };
		F4C559C72981CDD9000DDBBB /* HomeVC.swift */ = {isa = PBXFileReference; lastKnownFileType = sourcecode.swift; path = HomeVC.swift; sourceTree = "<group>"; };
		F4C559CC2981CDDD000DDBBB /* Assets.xcassets */ = {isa = PBXFileReference; lastKnownFileType = folder.assetcatalog; path = Assets.xcassets; sourceTree = "<group>"; };
		F4C559CF2981CDDD000DDBBB /* Base */ = {isa = PBXFileReference; lastKnownFileType = file.storyboard; name = Base; path = Base.lproj/LaunchScreen.storyboard; sourceTree = "<group>"; };
		F4C559D12981CDDD000DDBBB /* Info.plist */ = {isa = PBXFileReference; lastKnownFileType = text.plist.xml; path = Info.plist; sourceTree = "<group>"; };
		F4C559D92981D3DA000DDBBB /* HomeScreen.swift */ = {isa = PBXFileReference; lastKnownFileType = sourcecode.swift; path = HomeScreen.swift; sourceTree = "<group>"; };
		F4C559DC29835FD3000DDBBB /* CalculatorVC.swift */ = {isa = PBXFileReference; lastKnownFileType = sourcecode.swift; path = CalculatorVC.swift; sourceTree = "<group>"; };
		F4C559DF29836012000DDBBB /* CalculatorScreen.swift */ = {isa = PBXFileReference; lastKnownFileType = sourcecode.swift; path = CalculatorScreen.swift; sourceTree = "<group>"; };
/* End PBXFileReference section */

/* Begin PBXFrameworksBuildPhase section */
		F4C559BD2981CDD9000DDBBB /* Frameworks */ = {
			isa = PBXFrameworksBuildPhase;
			buildActionMask = 2147483647;
			files = (
			);
			runOnlyForDeploymentPostprocessing = 0;
		};
/* End PBXFrameworksBuildPhase section */

/* Begin PBXGroup section */
		F4738C322985F75F00C6D868 /* Alert */ = {
			isa = PBXGroup;
			children = (
				F4738C332985F99600C6D868 /* Alert.swift */,
			);
			path = Alert;
			sourceTree = "<group>";
		};
		F4738C3B298894C600C6D868 /* Result */ = {
			isa = PBXGroup;
			children = (
				F4738C3E2988951A00C6D868 /* screen */,
				F4738C3C298894D200C6D868 /* ResultVC.swift */,
			);
			path = Result;
			sourceTree = "<group>";
		};
		F4738C3E2988951A00C6D868 /* screen */ = {
			isa = PBXGroup;
			children = (
				F4738C3F2988952E00C6D868 /* ResultScreen.swift */,
			);
			path = screen;
			sourceTree = "<group>";
		};
		F4738C412988AC0A00C6D868 /* Extension */ = {
			isa = PBXGroup;
			children = (
				F4738C422988AC2900C6D868 /* UIViewController+Extension.swift */,
			);
			path = Extension;
			sourceTree = "<group>";
		};
		F4C559B72981CDD9000DDBBB = {
			isa = PBXGroup;
			children = (
				F4738C412988AC0A00C6D868 /* Extension */,
				F4C559C22981CDD9000DDBBB /* AppAlcoolOuGasolina */,
				F4C559C12981CDD9000DDBBB /* Products */,
			);
			sourceTree = "<group>";
		};
		F4C559C12981CDD9000DDBBB /* Products */ = {
			isa = PBXGroup;
			children = (
				F4C559C02981CDD9000DDBBB /* AppAlcoolOuGasolina.app */,
			);
			name = Products;
			sourceTree = "<group>";
		};
		F4C559C22981CDD9000DDBBB /* AppAlcoolOuGasolina */ = {
			isa = PBXGroup;
			children = (
				F4738C3B298894C600C6D868 /* Result */,
				F4738C322985F75F00C6D868 /* Alert */,
				F4C559DB29835FB6000DDBBB /* Calculator */,
				F4C559D72981D38A000DDBBB /* Home */,
				F4C559C32981CDD9000DDBBB /* AppDelegate.swift */,
				F4C559C52981CDD9000DDBBB /* SceneDelegate.swift */,
				F4C559CC2981CDDD000DDBBB /* Assets.xcassets */,
				F4C559CE2981CDDD000DDBBB /* LaunchScreen.storyboard */,
				F4C559D12981CDDD000DDBBB /* Info.plist */,
			);
			path = AppAlcoolOuGasolina;
			sourceTree = "<group>";
		};
		F4C559D72981D38A000DDBBB /* Home */ = {
			isa = PBXGroup;
			children = (
				F4C559D82981D3C8000DDBBB /* Screen */,
				F4C559C72981CDD9000DDBBB /* HomeVC.swift */,
			);
			path = Home;
			sourceTree = "<group>";
		};
		F4C559D82981D3C8000DDBBB /* Screen */ = {
			isa = PBXGroup;
			children = (
				F4C559D92981D3DA000DDBBB /* HomeScreen.swift */,
			);
			path = Screen;
			sourceTree = "<group>";
		};
		F4C559DB29835FB6000DDBBB /* Calculator */ = {
			isa = PBXGroup;
			children = (
				F4C559DE29835FFB000DDBBB /* Screen */,
				F4C559DC29835FD3000DDBBB /* CalculatorVC.swift */,
			);
			path = Calculator;
			sourceTree = "<group>";
		};
		F4C559DE29835FFB000DDBBB /* Screen */ = {
			isa = PBXGroup;
			children = (
				F4C559DF29836012000DDBBB /* CalculatorScreen.swift */,
			);
			path = Screen;
			sourceTree = "<group>";
		};
/* End PBXGroup section */

/* Begin PBXNativeTarget section */
		F4C559BF2981CDD9000DDBBB /* AppAlcoolOuGasolina */ = {
			isa = PBXNativeTarget;
			buildConfigurationList = F4C559D42981CDDD000DDBBB /* Build configuration list for PBXNativeTarget "AppAlcoolOuGasolina" */;
			buildPhases = (
				F4C559BC2981CDD9000DDBBB /* Sources */,
				F4C559BD2981CDD9000DDBBB /* Frameworks */,
				F4C559BE2981CDD9000DDBBB /* Resources */,
			);
			buildRules = (
			);
			dependencies = (
			);
			name = AppAlcoolOuGasolina;
			productName = AppAlcoolOuGasolina;
			productReference = F4C559C02981CDD9000DDBBB /* AppAlcoolOuGasolina.app */;
			productType = "com.apple.product-type.application";
		};
/* End PBXNativeTarget section */

/* Begin PBXProject section */
		F4C559B82981CDD9000DDBBB /* Project object */ = {
			isa = PBXProject;
			attributes = {
				BuildIndependentTargetsInParallel = 1;
				LastSwiftUpdateCheck = 1420;
				LastUpgradeCheck = 1420;
				TargetAttributes = {
					F4C559BF2981CDD9000DDBBB = {
						CreatedOnToolsVersion = 14.2;
					};
				};
			};
			buildConfigurationList = F4C559BB2981CDD9000DDBBB /* Build configuration list for PBXProject "AppAlcoolOuGasolina" */;
			compatibilityVersion = "Xcode 14.0";
			developmentRegion = en;
			hasScannedForEncodings = 0;
			knownRegions = (
				en,
				Base,
			);
			mainGroup = F4C559B72981CDD9000DDBBB;
			productRefGroup = F4C559C12981CDD9000DDBBB /* Products */;
			projectDirPath = "";
			projectRoot = "";
			targets = (
				F4C559BF2981CDD9000DDBBB /* AppAlcoolOuGasolina */,
			);
		};
/* End PBXProject section */

/* Begin PBXResourcesBuildPhase section */
		F4C559BE2981CDD9000DDBBB /* Resources */ = {
			isa = PBXResourcesBuildPhase;
			buildActionMask = 2147483647;
			files = (
				F4C559D02981CDDD000DDBBB /* LaunchScreen.storyboard in Resources */,
				F4C559CD2981CDDD000DDBBB /* Assets.xcassets in Resources */,
			);
			runOnlyForDeploymentPostprocessing = 0;
		};
/* End PBXResourcesBuildPhase section */

/* Begin PBXSourcesBuildPhase section */
		F4C559BC2981CDD9000DDBBB /* Sources */ = {
			isa = PBXSourcesBuildPhase;
			buildActionMask = 2147483647;
			files = (
				F4C559DD29835FD3000DDBBB /* CalculatorVC.swift in Sources */,
				F4738C3D298894D300C6D868 /* ResultVC.swift in Sources */,
				F4C559DA2981D3DA000DDBBB /* HomeScreen.swift in Sources */,
				F4C559C82981CDD9000DDBBB /* HomeVC.swift in Sources */,
				F4738C402988952E00C6D868 /* ResultScreen.swift in Sources */,
				F4C559C42981CDD9000DDBBB /* AppDelegate.swift in Sources */,
				F4C559C62981CDD9000DDBBB /* SceneDelegate.swift in Sources */,
				F4C559E029836013000DDBBB /* CalculatorScreen.swift in Sources */,
				F4738C432988AC2900C6D868 /* UIViewController+Extension.swift in Sources */,
				F4738C342985F99600C6D868 /* Alert.swift in Sources */,
			);
			runOnlyForDeploymentPostprocessing = 0;
		};
/* End PBXSourcesBuildPhase section */

/* Begin PBXVariantGroup section */
		F4C559CE2981CDDD000DDBBB /* LaunchScreen.storyboard */ = {
			isa = PBXVariantGroup;
			children = (
				F4C559CF2981CDDD000DDBBB /* Base */,
			);
			name = LaunchScreen.storyboard;
			sourceTree = "<group>";
		};
/* End PBXVariantGroup section */

/* Begin XCBuildConfiguration section */
		F4C559D22981CDDD000DDBBB /* Debug */ = {
			isa = XCBuildConfiguration;
			buildSettings = {
				ALWAYS_SEARCH_USER_PATHS = NO;
				CLANG_ANALYZER_NONNULL = YES;
				CLANG_ANALYZER_NUMBER_OBJECT_CONVERSION = YES_AGGRESSIVE;
				CLANG_CXX_LANGUAGE_STANDARD = "gnu++20";
				CLANG_ENABLE_MODULES = YES;
				CLANG_ENABLE_OBJC_ARC = YES;
				CLANG_ENABLE_OBJC_WEAK = YES;
				CLANG_WARN_BLOCK_CAPTURE_AUTORELEASING = YES;
				CLANG_WARN_BOOL_CONVERSION = YES;
				CLANG_WARN_COMMA = YES;
				CLANG_WARN_CONSTANT_CONVERSION = YES;
				CLANG_WARN_DEPRECATED_OBJC_IMPLEMENTATIONS = YES;
				CLANG_WARN_DIRECT_OBJC_ISA_USAGE = YES_ERROR;
				CLANG_WARN_DOCUMENTATION_COMMENTS = YES;
				CLANG_WARN_EMPTY_BODY = YES;
				CLANG_WARN_ENUM_CONVERSION = YES;
				CLANG_WARN_INFINITE_RECURSION = YES;
				CLANG_WARN_INT_CONVERSION = YES;
				CLANG_WARN_NON_LITERAL_NULL_CONVERSION = YES;
				CLANG_WARN_OBJC_IMPLICIT_RETAIN_SELF = YES;
				CLANG_WARN_OBJC_LITERAL_CONVERSION = YES;
				CLANG_WARN_OBJC_ROOT_CLASS = YES_ERROR;
				CLANG_WARN_QUOTED_INCLUDE_IN_FRAMEWORK_HEADER = YES;
				CLANG_WARN_RANGE_LOOP_ANALYSIS = YES;
				CLANG_WARN_STRICT_PROTOTYPES = YES;
				CLANG_WARN_SUSPICIOUS_MOVE = YES;
				CLANG_WARN_UNGUARDED_AVAILABILITY = YES_AGGRESSIVE;
				CLANG_WARN_UNREACHABLE_CODE = YES;
				CLANG_WARN__DUPLICATE_METHOD_MATCH = YES;
				COPY_PHASE_STRIP = NO;
				DEBUG_INFORMATION_FORMAT = dwarf;
				ENABLE_STRICT_OBJC_MSGSEND = YES;
				ENABLE_TESTABILITY = YES;
				GCC_C_LANGUAGE_STANDARD = gnu11;
				GCC_DYNAMIC_NO_PIC = NO;
				GCC_NO_COMMON_BLOCKS = YES;
				GCC_OPTIMIZATION_LEVEL = 0;
				GCC_PREPROCESSOR_DEFINITIONS = (
					"DEBUG=1",
					"$(inherited)",
				);
				GCC_WARN_64_TO_32_BIT_CONVERSION = YES;
				GCC_WARN_ABOUT_RETURN_TYPE = YES_ERROR;
				GCC_WARN_UNDECLARED_SELECTOR = YES;
				GCC_WARN_UNINITIALIZED_AUTOS = YES_AGGRESSIVE;
				GCC_WARN_UNUSED_FUNCTION = YES;
				GCC_WARN_UNUSED_VARIABLE = YES;
				IPHONEOS_DEPLOYMENT_TARGET = 16.2;
				MTL_ENABLE_DEBUG_INFO = INCLUDE_SOURCE;
				MTL_FAST_MATH = YES;
				ONLY_ACTIVE_ARCH = YES;
				SDKROOT = iphoneos;
				SWIFT_ACTIVE_COMPILATION_CONDITIONS = DEBUG;
				SWIFT_OPTIMIZATION_LEVEL = "-Onone";
			};
			name = Debug;
		};
		F4C559D32981CDDD000DDBBB /* Release */ = {
			isa = XCBuildConfiguration;
			buildSettings = {
				ALWAYS_SEARCH_USER_PATHS = NO;
				CLANG_ANALYZER_NONNULL = YES;
				CLANG_ANALYZER_NUMBER_OBJECT_CONVERSION = YES_AGGRESSIVE;
				CLANG_CXX_LANGUAGE_STANDARD = "gnu++20";
				CLANG_ENABLE_MODULES = YES;
				CLANG_ENABLE_OBJC_ARC = YES;
				CLANG_ENABLE_OBJC_WEAK = YES;
				CLANG_WARN_BLOCK_CAPTURE_AUTORELEASING = YES;
				CLANG_WARN_BOOL_CONVERSION = YES;
				CLANG_WARN_COMMA = YES;
				CLANG_WARN_CONSTANT_CONVERSION = YES;
				CLANG_WARN_DEPRECATED_OBJC_IMPLEMENTATIONS = YES;
				CLANG_WARN_DIRECT_OBJC_ISA_USAGE = YES_ERROR;
				CLANG_WARN_DOCUMENTATION_COMMENTS = YES;
				CLANG_WARN_EMPTY_BODY = YES;
				CLANG_WARN_ENUM_CONVERSION = YES;
				CLANG_WARN_INFINITE_RECURSION = YES;
				CLANG_WARN_INT_CONVERSION = YES;
				CLANG_WARN_NON_LITERAL_NULL_CONVERSION = YES;
				CLANG_WARN_OBJC_IMPLICIT_RETAIN_SELF = YES;
				CLANG_WARN_OBJC_LITERAL_CONVERSION = YES;
				CLANG_WARN_OBJC_ROOT_CLASS = YES_ERROR;
				CLANG_WARN_QUOTED_INCLUDE_IN_FRAMEWORK_HEADER = YES;
				CLANG_WARN_RANGE_LOOP_ANALYSIS = YES;
				CLANG_WARN_STRICT_PROTOTYPES = YES;
				CLANG_WARN_SUSPICIOUS_MOVE = YES;
				CLANG_WARN_UNGUARDED_AVAILABILITY = YES_AGGRESSIVE;
				CLANG_WARN_UNREACHABLE_CODE = YES;
				CLANG_WARN__DUPLICATE_METHOD_MATCH = YES;
				COPY_PHASE_STRIP = NO;
				DEBUG_INFORMATION_FORMAT = "dwarf-with-dsym";
				ENABLE_NS_ASSERTIONS = NO;
				ENABLE_STRICT_OBJC_MSGSEND = YES;
				GCC_C_LANGUAGE_STANDARD = gnu11;
				GCC_NO_COMMON_BLOCKS = YES;
				GCC_WARN_64_TO_32_BIT_CONVERSION = YES;
				GCC_WARN_ABOUT_RETURN_TYPE = YES_ERROR;
				GCC_WARN_UNDECLARED_SELECTOR = YES;
				GCC_WARN_UNINITIALIZED_AUTOS = YES_AGGRESSIVE;
				GCC_WARN_UNUSED_FUNCTION = YES;
				GCC_WARN_UNUSED_VARIABLE = YES;
				IPHONEOS_DEPLOYMENT_TARGET = 16.2;
				MTL_ENABLE_DEBUG_INFO = NO;
				MTL_FAST_MATH = YES;
				SDKROOT = iphoneos;
				SWIFT_COMPILATION_MODE = wholemodule;
				SWIFT_OPTIMIZATION_LEVEL = "-O";
				VALIDATE_PRODUCT = YES;
			};
			name = Release;
		};
		F4C559D52981CDDD000DDBBB /* Debug */ = {
			isa = XCBuildConfiguration;
			buildSettings = {
				ASSETCATALOG_COMPILER_APPICON_NAME = AppIcon;
				ASSETCATALOG_COMPILER_GLOBAL_ACCENT_COLOR_NAME = AccentColor;
				CODE_SIGN_STYLE = Automatic;
				CURRENT_PROJECT_VERSION = 1;
				DEVELOPMENT_TEAM = UQGXLABK35;
				GENERATE_INFOPLIST_FILE = YES;
				INFOPLIST_FILE = AppAlcoolOuGasolina/Info.plist;
				INFOPLIST_KEY_UIApplicationSupportsIndirectInputEvents = YES;
				INFOPLIST_KEY_UILaunchStoryboardName = LaunchScreen;
				INFOPLIST_KEY_UIMainStoryboardFile = "";
				INFOPLIST_KEY_UISupportedInterfaceOrientations_iPad = "UIInterfaceOrientationPortrait UIInterfaceOrientationPortraitUpsideDown UIInterfaceOrientationLandscapeLeft UIInterfaceOrientationLandscapeRight";
				INFOPLIST_KEY_UISupportedInterfaceOrientations_iPhone = "UIInterfaceOrientationPortrait UIInterfaceOrientationLandscapeLeft UIInterfaceOrientationLandscapeRight";
				LD_RUNPATH_SEARCH_PATHS = (
					"$(inherited)",
					"@executable_path/Frameworks",
				);
				MARKETING_VERSION = 1.0;
				PRODUCT_BUNDLE_IDENTIFIER = com.danalvescc.AppAlcoolOuGasolina;
				PRODUCT_NAME = "$(TARGET_NAME)";
				SUPPORTED_PLATFORMS = "iphoneos iphonesimulator";
				SUPPORTS_MACCATALYST = NO;
				SUPPORTS_MAC_DESIGNED_FOR_IPHONE_IPAD = NO;
				SWIFT_EMIT_LOC_STRINGS = YES;
				SWIFT_VERSION = 5.0;
				TARGETED_DEVICE_FAMILY = 1;
			};
			name = Debug;
		};
		F4C559D62981CDDD000DDBBB /* Release */ = {
			isa = XCBuildConfiguration;
			buildSettings = {
				ASSETCATALOG_COMPILER_APPICON_NAME = AppIcon;
				ASSETCATALOG_COMPILER_GLOBAL_ACCENT_COLOR_NAME = AccentColor;
				CODE_SIGN_STYLE = Automatic;
				CURRENT_PROJECT_VERSION = 1;
				DEVELOPMENT_TEAM = UQGXLABK35;
				GENERATE_INFOPLIST_FILE = YES;
				INFOPLIST_FILE = AppAlcoolOuGasolina/Info.plist;
				INFOPLIST_KEY_UIApplicationSupportsIndirectInputEvents = YES;
				INFOPLIST_KEY_UILaunchStoryboardName = LaunchScreen;
				INFOPLIST_KEY_UIMainStoryboardFile = "";
				INFOPLIST_KEY_UISupportedInterfaceOrientations_iPad = "UIInterfaceOrientationPortrait UIInterfaceOrientationPortraitUpsideDown UIInterfaceOrientationLandscapeLeft UIInterfaceOrientationLandscapeRight";
				INFOPLIST_KEY_UISupportedInterfaceOrientations_iPhone = "UIInterfaceOrientationPortrait UIInterfaceOrientationLandscapeLeft UIInterfaceOrientationLandscapeRight";
				LD_RUNPATH_SEARCH_PATHS = (
					"$(inherited)",
					"@executable_path/Frameworks",
				);
				MARKETING_VERSION = 1.0;
				PRODUCT_BUNDLE_IDENTIFIER = com.danalvescc.AppAlcoolOuGasolina;
				PRODUCT_NAME = "$(TARGET_NAME)";
				SUPPORTED_PLATFORMS = "iphoneos iphonesimulator";
				SUPPORTS_MACCATALYST = NO;
				SUPPORTS_MAC_DESIGNED_FOR_IPHONE_IPAD = NO;
				SWIFT_EMIT_LOC_STRINGS = YES;
				SWIFT_VERSION = 5.0;
				TARGETED_DEVICE_FAMILY = 1;
			};
			name = Release;
		};
/* End XCBuildConfiguration section */

/* Begin XCConfigurationList section */
		F4C559BB2981CDD9000DDBBB /* Build configuration list for PBXProject "AppAlcoolOuGasolina" */ = {
			isa = XCConfigurationList;
			buildConfigurations = (
				F4C559D22981CDDD000DDBBB /* Debug */,
				F4C559D32981CDDD000DDBBB /* Release */,
			);
			defaultConfigurationIsVisible = 0;
			defaultConfigurationName = Release;
		};
		F4C559D42981CDDD000DDBBB /* Build configuration list for PBXNativeTarget "AppAlcoolOuGasolina" */ = {
			isa = XCConfigurationList;
			buildConfigurations = (
				F4C559D52981CDDD000DDBBB /* Debug */,
				F4C559D62981CDDD000DDBBB /* Release */,
			);
			defaultConfigurationIsVisible = 0;
			defaultConfigurationName = Release;
		};
/* End XCConfigurationList section */
	};
	rootObject = F4C559B82981CDD9000DDBBB /* Project object */;
}
